
Microsoft Visual Studio Solution File, Format Version 12.00
# Visual Studio Version 17
VisualStudioVersion = 17.1.32407.343
MinimumVisualStudioVersion = 10.0.40219.1
Project("{FAE04EC0-301F-11D3-BF4B-00C04F79EFBC}") = "CMD.API.Patients.Tests", "CMD.API.Patients.Tests\CMD.API.Patients.Tests.csproj", "{4561D175-72DF-4B93-97F3-13607D783F65}"
EndProject
Project("{2150E333-8FDC-42A3-9474-1A3956D46DE8}") = "API", "API", "{4050F626-BCE4-4C68-B2D6-482F1172D707}"
EndProject
Project("{2150E333-8FDC-42A3-9474-1A3956D46DE8}") = "Test", "Test", "{348AB535-C523-404A-A5CF-9F671BE4336D}"
EndProject
Project("{2150E333-8FDC-42A3-9474-1A3956D46DE8}") = "Data", "Data", "{F1B7F7CB-D9CA-4141-B696-A48BB7B9E54C}"
EndProject
Project("{2150E333-8FDC-42A3-9474-1A3956D46DE8}") = "Model", "Model", "{30128D42-65B1-46DE-BCCC-9A5074992BF0}"
EndProject
Project("{2150E333-8FDC-42A3-9474-1A3956D46DE8}") = "Business", "Business", "{1BB87E94-C16C-4635-B361-B1748DA07BE1}"
EndProject
Project("{FAE04EC0-301F-11D3-BF4B-00C04F79EFBC}") = "CMD.API.Appointments.Tests", "API\CMD.API.Appointments.Tests\CMD.API.Appointments.Tests.csproj", "{A4A9E590-3203-44D9-BD9C-177467E3B9C7}"
EndProject
Project("{FAE04EC0-301F-11D3-BF4B-00C04F79EFBC}") = "CMD.API.Doctors.Tests", "CMD.API.Doctors.Tests\CMD.API.Doctors.Tests.csproj", "{B27B409A-D114-421F-8D16-5F8A3E61E58F}"
EndProject
Project("{FAE04EC0-301F-11D3-BF4B-00C04F79EFBC}") = "CMD.Model", "CMD.Model\CMD.Model.csproj", "{11CC4CAA-24EC-49DF-B662-C7501C97E3B6}"
EndProject
Project("{FAE04EC0-301F-11D3-BF4B-00C04F79EFBC}") = "CMD.DTO", "CMD.DTO\CMD.DTO.csproj", "{2EF89A08-A6F5-489E-90D4-8EF74C831F17}"
EndProject
Project("{FAE04EC0-301F-11D3-BF4B-00C04F79EFBC}") = "CMD.Repository", "CMD.Repository\CMD.Repository.csproj", "{9BB9CCE4-93BA-4720-B302-A9433CE56139}"
EndProject
Project("{FAE04EC0-301F-11D3-BF4B-00C04F79EFBC}") = "CMD.Business", "CMD.Business\CMD.Business.csproj", "{33B04196-4A75-43BA-9B87-A61A84D56630}"
EndProject
Project("{FAE04EC0-301F-11D3-BF4B-00C04F79EFBC}") = "CMD.API.Recommendation", "CMD.API.Recommendation\CMD.API.Recommendation.csproj", "{53F301CE-57A2-44DB-9619-CF82D6F44D1A}"
EndProject
Global
	GlobalSection(SolutionConfigurationPlatforms) = preSolution
		Debug|Any CPU = Debug|Any CPU
		Release|Any CPU = Release|Any CPU
	EndGlobalSection
	GlobalSection(ProjectConfigurationPlatforms) = postSolution
		{4561D175-72DF-4B93-97F3-13607D783F65}.Debug|Any CPU.ActiveCfg = Debug|Any CPU
		{4561D175-72DF-4B93-97F3-13607D783F65}.Debug|Any CPU.Build.0 = Debug|Any CPU
		{4561D175-72DF-4B93-97F3-13607D783F65}.Release|Any CPU.ActiveCfg = Release|Any CPU
		{4561D175-72DF-4B93-97F3-13607D783F65}.Release|Any CPU.Build.0 = Release|Any CPU
		{A4A9E590-3203-44D9-BD9C-177467E3B9C7}.Debug|Any CPU.ActiveCfg = Debug|Any CPU
		{A4A9E590-3203-44D9-BD9C-177467E3B9C7}.Debug|Any CPU.Build.0 = Debug|Any CPU
		{A4A9E590-3203-44D9-BD9C-177467E3B9C7}.Release|Any CPU.ActiveCfg = Release|Any CPU
		{A4A9E590-3203-44D9-BD9C-177467E3B9C7}.Release|Any CPU.Build.0 = Release|Any CPU
		{B27B409A-D114-421F-8D16-5F8A3E61E58F}.Debug|Any CPU.ActiveCfg = Debug|Any CPU
		{B27B409A-D114-421F-8D16-5F8A3E61E58F}.Debug|Any CPU.Build.0 = Debug|Any CPU
		{B27B409A-D114-421F-8D16-5F8A3E61E58F}.Release|Any CPU.ActiveCfg = Release|Any CPU
		{B27B409A-D114-421F-8D16-5F8A3E61E58F}.Release|Any CPU.Build.0 = Release|Any CPU
		{11CC4CAA-24EC-49DF-B662-C7501C97E3B6}.Debug|Any CPU.ActiveCfg = Debug|Any CPU
		{11CC4CAA-24EC-49DF-B662-C7501C97E3B6}.Debug|Any CPU.Build.0 = Debug|Any CPU
		{11CC4CAA-24EC-49DF-B662-C7501C97E3B6}.Release|Any CPU.ActiveCfg = Release|Any CPU
		{11CC4CAA-24EC-49DF-B662-C7501C97E3B6}.Release|Any CPU.Build.0 = Release|Any CPU
		{2EF89A08-A6F5-489E-90D4-8EF74C831F17}.Debug|Any CPU.ActiveCfg = Debug|Any CPU
		{2EF89A08-A6F5-489E-90D4-8EF74C831F17}.Debug|Any CPU.Build.0 = Debug|Any CPU
		{2EF89A08-A6F5-489E-90D4-8EF74C831F17}.Release|Any CPU.ActiveCfg = Release|Any CPU
		{2EF89A08-A6F5-489E-90D4-8EF74C831F17}.Release|Any CPU.Build.0 = Release|Any CPU
		{9BB9CCE4-93BA-4720-B302-A9433CE56139}.Debug|Any CPU.ActiveCfg = Debug|Any CPU
		{9BB9CCE4-93BA-4720-B302-A9433CE56139}.Debug|Any CPU.Build.0 = Debug|Any CPU
		{9BB9CCE4-93BA-4720-B302-A9433CE56139}.Release|Any CPU.ActiveCfg = Release|Any CPU
		{9BB9CCE4-93BA-4720-B302-A9433CE56139}.Release|Any CPU.Build.0 = Release|Any CPU
		{33B04196-4A75-43BA-9B87-A61A84D56630}.Debug|Any CPU.ActiveCfg = Debug|Any CPU
		{33B04196-4A75-43BA-9B87-A61A84D56630}.Debug|Any CPU.Build.0 = Debug|Any CPU
		{33B04196-4A75-43BA-9B87-A61A84D56630}.Release|Any CPU.ActiveCfg = Release|Any CPU
		{33B04196-4A75-43BA-9B87-A61A84D56630}.Release|Any CPU.Build.0 = Release|Any CPU
		{53F301CE-57A2-44DB-9619-CF82D6F44D1A}.Debug|Any CPU.ActiveCfg = Debug|Any CPU
		{53F301CE-57A2-44DB-9619-CF82D6F44D1A}.Debug|Any CPU.Build.0 = Debug|Any CPU
		{53F301CE-57A2-44DB-9619-CF82D6F44D1A}.Release|Any CPU.ActiveCfg = Release|Any CPU
		{53F301CE-57A2-44DB-9619-CF82D6F44D1A}.Release|Any CPU.Build.0 = Release|Any CPU
	EndGlobalSection
	GlobalSection(SolutionProperties) = preSolution
		HideSolutionNode = FALSE
	EndGlobalSection
	GlobalSection(NestedProjects) = preSolution
		{4561D175-72DF-4B93-97F3-13607D783F65} = {348AB535-C523-404A-A5CF-9F671BE4336D}
		{A4A9E590-3203-44D9-BD9C-177467E3B9C7} = {348AB535-C523-404A-A5CF-9F671BE4336D}
		{B27B409A-D114-421F-8D16-5F8A3E61E58F} = {348AB535-C523-404A-A5CF-9F671BE4336D}
		{11CC4CAA-24EC-49DF-B662-C7501C97E3B6} = {30128D42-65B1-46DE-BCCC-9A5074992BF0}
		{2EF89A08-A6F5-489E-90D4-8EF74C831F17} = {30128D42-65B1-46DE-BCCC-9A5074992BF0}
		{9BB9CCE4-93BA-4720-B302-A9433CE56139} = {F1B7F7CB-D9CA-4141-B696-A48BB7B9E54C}
		{33B04196-4A75-43BA-9B87-A61A84D56630} = {1BB87E94-C16C-4635-B361-B1748DA07BE1}
		{53F301CE-57A2-44DB-9619-CF82D6F44D1A} = {4050F626-BCE4-4C68-B2D6-482F1172D707}
	EndGlobalSection
	GlobalSection(ExtensibilityGlobals) = postSolution
		SolutionGuid = {FAE4A184-C7B1-4D3A-9C2E-4945572706C3}
	EndGlobalSection
EndGlobal
